
Microsoft Visual Studio Solution File, Format Version 12.00
# Visual Studio 2012
Project("{FAE04EC0-301F-11D3-BF4B-00C04F79EFBC}") = "BirthdayCardEmailSender", "BirthdayCardEmailSender\BirthdayCardEmailSender.csproj", "{D3101DE8-9816-4907-A983-CE4A7258E309}"
EndProject
Global
	GlobalSection(SolutionConfigurationPlatforms) = preSolution
		Debug|Any CPU = Debug|Any CPU
		Release|Any CPU = Release|Any CPU
	EndGlobalSection
	GlobalSection(ProjectConfigurationPlatforms) = postSolution
		{D3101DE8-9816-4907-A983-CE4A7258E309}.Debug|Any CPU.ActiveCfg = Release|Any CPU
		{D3101DE8-9816-4907-A983-CE4A7258E309}.Debug|Any CPU.Build.0 = Release|Any CPU
		{D3101DE8-9816-4907-A983-CE4A7258E309}.Release|Any CPU.ActiveCfg = Release|Any CPU
		{D3101DE8-9816-4907-A983-CE4A7258E309}.Release|Any CPU.Build.0 = Release|Any CPU
	EndGlobalSection
	GlobalSection(SolutionProperties) = preSolution
		HideSolutionNode = FALSE
	EndGlobalSection
EndGlobal
